
Microsoft Visual Studio Solution File, Format Version 12.00
# Visual Studio Version 16
VisualStudioVersion = 16.0.32106.194
MinimumVisualStudioVersion = 10.0.40219.1
Project("{FAE04EC0-301F-11D3-BF4B-00C04F79EFBC}") = "DnDWeb", "DnDWeb\DnDWeb.csproj", "{CD8E64E1-746F-430D-9E9B-7E25BBCF9A37}"
EndProject
Global
	GlobalSection(SolutionConfigurationPlatforms) = preSolution
		Debug|Any CPU = Debug|Any CPU
		Release|Any CPU = Release|Any CPU
	EndGlobalSection
	GlobalSection(ProjectConfigurationPlatforms) = postSolution
		{CD8E64E1-746F-430D-9E9B-7E25BBCF9A37}.Debug|Any CPU.ActiveCfg = Debug|Any CPU
		{CD8E64E1-746F-430D-9E9B-7E25BBCF9A37}.Debug|Any CPU.Build.0 = Debug|Any CPU
		{CD8E64E1-746F-430D-9E9B-7E25BBCF9A37}.Release|Any CPU.ActiveCfg = Release|Any CPU
		{CD8E64E1-746F-430D-9E9B-7E25BBCF9A37}.Release|Any CPU.Build.0 = Release|Any CPU
	EndGlobalSection
	GlobalSection(SolutionProperties) = preSolution
		HideSolutionNode = FALSE
	EndGlobalSection
	GlobalSection(ExtensibilityGlobals) = postSolution
		SolutionGuid = {928FAD03-6CC1-4162-B440-8ECF03130460}
	EndGlobalSection
EndGlobal
